
Microsoft Visual Studio Solution File, Format Version 12.00
# Visual Studio 15
VisualStudioVersion = 15.0.27428.2027
MinimumVisualStudioVersion = 10.0.40219.1
Project("{FAE04EC0-301F-11D3-BF4B-00C04F79EFBC}") = "KütüphaneTakip", "KütüphaneTakip\KütüphaneTakip.csproj", "{B0253557-4086-49DC-AA92-BA50789BD4D0}"
EndProject
Global
	GlobalSection(SolutionConfigurationPlatforms) = preSolution
		Debug|Any CPU = Debug|Any CPU
		Release|Any CPU = Release|Any CPU
	EndGlobalSection
	GlobalSection(ProjectConfigurationPlatforms) = postSolution
		{B0253557-4086-49DC-AA92-BA50789BD4D0}.Debug|Any CPU.ActiveCfg = Debug|Any CPU
		{B0253557-4086-49DC-AA92-BA50789BD4D0}.Debug|Any CPU.Build.0 = Debug|Any CPU
		{B0253557-4086-49DC-AA92-BA50789BD4D0}.Release|Any CPU.ActiveCfg = Release|Any CPU
		{B0253557-4086-49DC-AA92-BA50789BD4D0}.Release|Any CPU.Build.0 = Release|Any CPU
	EndGlobalSection
	GlobalSection(SolutionProperties) = preSolution
		HideSolutionNode = FALSE
	EndGlobalSection
	GlobalSection(ExtensibilityGlobals) = postSolution
		SolutionGuid = {02AC6EF2-7E90-42C3-9E8A-CA52E114F424}
	EndGlobalSection
EndGlobal
